Microsoft Visual Studio Solution File, Format Version 12.00
# Visual Studio Version 17
VisualStudioVersion = 17.5.2.0
MinimumVisualStudioVersion = 10.0.40219.1
Project("{FAE04EC0-301F-11D3-BF4B-00C04F79EFBC}") = "ConfigurationUI", "ConfigurationUI\ConfigurationUI.csproj", "{EBC1B8E5-9AE8-40A3-A838-848EC18C7202}"
EndProject
Project("{FAE04EC0-301F-11D3-BF4B-00C04F79EFBC}") = "ConfigurationReader", "ConfigurationReader\ConfigurationReader.csproj", "{BBF63FFF-3434-4213-BDE4-4010173E8939}"
EndProject
Global
	GlobalSection(SolutionConfigurationPlatforms) = preSolution
		Debug|Any CPU = Debug|Any CPU
		Release|Any CPU = Release|Any CPU
	EndGlobalSection
	GlobalSection(ProjectConfigurationPlatforms) = postSolution
		{EBC1B8E5-9AE8-40A3-A838-848EC18C7202}.Debug|Any CPU.ActiveCfg = Debug|Any CPU
		{EBC1B8E5-9AE8-40A3-A838-848EC18C7202}.Debug|Any CPU.Build.0 = Debug|Any CPU
		{EBC1B8E5-9AE8-40A3-A838-848EC18C7202}.Release|Any CPU.ActiveCfg = Release|Any CPU
		{EBC1B8E5-9AE8-40A3-A838-848EC18C7202}.Release|Any CPU.Build.0 = Release|Any CPU
		{BBF63FFF-3434-4213-BDE4-4010173E8939}.Debug|Any CPU.ActiveCfg = Debug|Any CPU
		{BBF63FFF-3434-4213-BDE4-4010173E8939}.Debug|Any CPU.Build.0 = Debug|Any CPU
		{BBF63FFF-3434-4213-BDE4-4010173E8939}.Release|Any CPU.ActiveCfg = Release|Any CPU
		{BBF63FFF-3434-4213-BDE4-4010173E8939}.Release|Any CPU.Build.0 = Release|Any CPU
	EndGlobalSection
	GlobalSection(SolutionProperties) = preSolution
		HideSolutionNode = FALSE
	EndGlobalSection
	GlobalSection(ExtensibilityGlobals) = postSolution
		SolutionGuid = {F7C28085-524B-4B7A-A9BC-C431AEE69C3A}
	EndGlobalSection
EndGlobal
